# THIS IS AN AUTOGENERATED FILE. DO NOT EDIT THIS FILE DIRECTLY.
# yarn lockfile v1


"@babel/helper-string-parser@^7.23.4":
  version "7.23.4"
  resolved "https://registry.yarnpkg.com/@babel/helper-string-parser/-/helper-string-parser-7.23.4.tgz#9478c707febcbbe1ddb38a3d91a2e054ae622d83"
  integrity sha512-803gmbQdqwdf4olxrX4AJyFBV/RTr3rSmOj0rKwesmzlfhYNDEs+/iOcznzpNWlJlIlTJC2QfPFcHB6DlzdVLQ==

"@babel/helper-validator-identifier@^7.22.20":
  version "7.22.20"
  resolved "https://registry.yarnpkg.com/@babel/helper-validator-identifier/-/helper-validator-identifier-7.22.20.tgz#c4ae002c61d2879e724581d96665583dbc1dc0e0"
  integrity sha512-Y4OZ+ytlatR8AI+8KZfKuL5urKp7qey08ha31L8b3BwewJAoJamTzyvxPR/5D+KkdJCGPq/+8TukHBlY10FX9A==

"@babel/parser@^7.23.5":
  version "7.23.5"
  resolved "https://registry.yarnpkg.com/@babel/parser/-/parser-7.23.5.tgz#37dee97c4752af148e1d38c34b856b2507660563"
  integrity sha512-hOOqoiNXrmGdFbhgCzu6GiURxUgM27Xwd/aPuu8RfHEZPBzL1Z54okAHAQjXfcQNwvrlkAmAp4SlRTZ45vlthQ==

"@babel/types@^7.23.5":
  version "7.23.5"
  resolved "https://registry.yarnpkg.com/@babel/types/-/types-7.23.5.tgz#48d730a00c95109fa4393352705954d74fb5b602"
  integrity sha512-ON5kSOJwVO6xXVRTvOI0eOnWe7VdUcIpsovGo9U/Br4Ie4UVFQTboO2cYnDhAGU6Fp+UxSiT+pMft0SMHfuq6w==
  dependencies:
    "@babel/helper-string-parser" "^7.23.4"
    "@babel/helper-validator-identifier" "^7.22.20"
    to-fast-properties "^2.0.0"

"@esbuild/android-arm64@0.19.8":
  version "0.19.8"
  resolved "https://registry.yarnpkg.com/@esbuild/android-arm64/-/android-arm64-0.19.8.tgz#fb7130103835b6d43ea499c3f30cfb2b2ed58456"
  integrity sha512-B8JbS61bEunhfx8kasogFENgQfr/dIp+ggYXwTqdbMAgGDhRa3AaPpQMuQU0rNxDLECj6FhDzk1cF9WHMVwrtA==

"@esbuild/android-arm@0.19.8":
  version "0.19.8"
  resolved "https://registry.yarnpkg.com/@esbuild/android-arm/-/android-arm-0.19.8.tgz#b46e4d9e984e6d6db6c4224d72c86b7757e35bcb"
  integrity sha512-31E2lxlGM1KEfivQl8Yf5aYU/mflz9g06H6S15ITUFQueMFtFjESRMoDSkvMo8thYvLBax+VKTPlpnx+sPicOA==

"@esbuild/android-x64@0.19.8":
  version "0.19.8"
  resolved "https://registry.yarnpkg.com/@esbuild/android-x64/-/android-x64-0.19.8.tgz#a13db9441b5a4f4e4fec4a6f8ffacfea07888db7"
  integrity sha512-rdqqYfRIn4jWOp+lzQttYMa2Xar3OK9Yt2fhOhzFXqg0rVWEfSclJvZq5fZslnz6ypHvVf3CT7qyf0A5pM682A==

"@esbuild/darwin-arm64@0.19.8":
  version "0.19.8"
  resolved "https://registry.yarnpkg.com/@esbuild/darwin-arm64/-/darwin-arm64-0.19.8.tgz#49f5718d36541f40dd62bfdf84da9c65168a0fc2"
  integrity sha512-RQw9DemMbIq35Bprbboyf8SmOr4UXsRVxJ97LgB55VKKeJOOdvsIPy0nFyF2l8U+h4PtBx/1kRf0BelOYCiQcw==

"@esbuild/darwin-x64@0.19.8":
  version "0.19.8"
  resolved "https://registry.yarnpkg.com/@esbuild/darwin-x64/-/darwin-x64-0.19.8.tgz#75c5c88371eea4bfc1f9ecfd0e75104c74a481ac"
  integrity sha512-3sur80OT9YdeZwIVgERAysAbwncom7b4bCI2XKLjMfPymTud7e/oY4y+ci1XVp5TfQp/bppn7xLw1n/oSQY3/Q==

"@esbuild/freebsd-arm64@0.19.8":
  version "0.19.8"
  resolved "https://registry.yarnpkg.com/@esbuild/freebsd-arm64/-/freebsd-arm64-0.19.8.tgz#9d7259fea4fd2b5f7437b52b542816e89d7c8575"
  integrity sha512-WAnPJSDattvS/XtPCTj1tPoTxERjcTpH6HsMr6ujTT+X6rylVe8ggxk8pVxzf5U1wh5sPODpawNicF5ta/9Tmw==

"@esbuild/freebsd-x64@0.19.8":
  version "0.19.8"
  resolved "https://registry.yarnpkg.com/@esbuild/freebsd-x64/-/freebsd-x64-0.19.8.tgz#abac03e1c4c7c75ee8add6d76ec592f46dbb39e3"
  integrity sha512-ICvZyOplIjmmhjd6mxi+zxSdpPTKFfyPPQMQTK/w+8eNK6WV01AjIztJALDtwNNfFhfZLux0tZLC+U9nSyA5Zg==

"@esbuild/linux-arm64@0.19.8":
  version "0.19.8"
  resolved "https://registry.yarnpkg.com/@esbuild/linux-arm64/-/linux-arm64-0.19.8.tgz#c577932cf4feeaa43cb9cec27b89cbe0df7d9098"
  integrity sha512-z1zMZivxDLHWnyGOctT9JP70h0beY54xDDDJt4VpTX+iwA77IFsE1vCXWmprajJGa+ZYSqkSbRQ4eyLCpCmiCQ==

"@esbuild/linux-arm@0.19.8":
  version "0.19.8"
  resolved "https://registry.yarnpkg.com/@esbuild/linux-arm/-/linux-arm-0.19.8.tgz#d6014d8b98b5cbc96b95dad3d14d75bb364fdc0f"
  integrity sha512-H4vmI5PYqSvosPaTJuEppU9oz1dq2A7Mr2vyg5TF9Ga+3+MGgBdGzcyBP7qK9MrwFQZlvNyJrvz6GuCaj3OukQ==

"@esbuild/linux-ia32@0.19.8":
  version "0.19.8"
  resolved "https://registry.yarnpkg.com/@esbuild/linux-ia32/-/linux-ia32-0.19.8.tgz#2379a0554307d19ac4a6cdc15b08f0ea28e7a40d"
  integrity sha512-1a8suQiFJmZz1khm/rDglOc8lavtzEMRo0v6WhPgxkrjcU0LkHj+TwBrALwoz/OtMExvsqbbMI0ChyelKabSvQ==

"@esbuild/linux-loong64@0.19.8":
  version "0.19.8"
  resolved "https://registry.yarnpkg.com/@esbuild/linux-loong64/-/linux-loong64-0.19.8.tgz#e2a5bbffe15748b49356a6cd7b2d5bf60c5a7123"
  integrity sha512-fHZWS2JJxnXt1uYJsDv9+b60WCc2RlvVAy1F76qOLtXRO+H4mjt3Tr6MJ5l7Q78X8KgCFudnTuiQRBhULUyBKQ==

"@esbuild/linux-mips64el@0.19.8":
  version "0.19.8"
  resolved "https://registry.yarnpkg.com/@esbuild/linux-mips64el/-/linux-mips64el-0.19.8.tgz#1359331e6f6214f26f4b08db9b9df661c57cfa24"
  integrity sha512-Wy/z0EL5qZYLX66dVnEg9riiwls5IYnziwuju2oUiuxVc+/edvqXa04qNtbrs0Ukatg5HEzqT94Zs7J207dN5Q==

"@esbuild/linux-ppc64@0.19.8":
  version "0.19.8"
  resolved "https://registry.yarnpkg.com/@esbuild/linux-ppc64/-/linux-ppc64-0.19.8.tgz#9ba436addc1646dc89dae48c62d3e951ffe70951"
  integrity sha512-ETaW6245wK23YIEufhMQ3HSeHO7NgsLx8gygBVldRHKhOlD1oNeNy/P67mIh1zPn2Hr2HLieQrt6tWrVwuqrxg==

"@esbuild/linux-riscv64@0.19.8":
  version "0.19.8"
  resolved "https://registry.yarnpkg.com/@esbuild/linux-riscv64/-/linux-riscv64-0.19.8.tgz#fbcf0c3a0b20f40b5fc31c3b7695f0769f9de66b"
  integrity sha512-T2DRQk55SgoleTP+DtPlMrxi/5r9AeFgkhkZ/B0ap99zmxtxdOixOMI570VjdRCs9pE4Wdkz7JYrsPvsl7eESg==

"@esbuild/linux-s390x@0.19.8":
  version "0.19.8"
  resolved "https://registry.yarnpkg.com/@esbuild/linux-s390x/-/linux-s390x-0.19.8.tgz#989e8a05f7792d139d5564ffa7ff898ac6f20a4a"
  integrity sha512-NPxbdmmo3Bk7mbNeHmcCd7R7fptJaczPYBaELk6NcXxy7HLNyWwCyDJ/Xx+/YcNH7Im5dHdx9gZ5xIwyliQCbg==

"@esbuild/linux-x64@0.19.8":
  version "0.19.8"
  resolved "https://registry.yarnpkg.com/@esbuild/linux-x64/-/linux-x64-0.19.8.tgz#b187295393a59323397fe5ff51e769ec4e72212b"
  integrity sha512-lytMAVOM3b1gPypL2TRmZ5rnXl7+6IIk8uB3eLsV1JwcizuolblXRrc5ShPrO9ls/b+RTp+E6gbsuLWHWi2zGg==

"@esbuild/netbsd-x64@0.19.8":
  version "0.19.8"
  resolved "https://registry.yarnpkg.com/@esbuild/netbsd-x64/-/netbsd-x64-0.19.8.tgz#c1ec0e24ea82313cb1c7bae176bd5acd5bde7137"
  integrity sha512-hvWVo2VsXz/8NVt1UhLzxwAfo5sioj92uo0bCfLibB0xlOmimU/DeAEsQILlBQvkhrGjamP0/el5HU76HAitGw==

"@esbuild/openbsd-x64@0.19.8":
  version "0.19.8"
  resolved "https://registry.yarnpkg.com/@esbuild/openbsd-x64/-/openbsd-x64-0.19.8.tgz#0c5b696ac66c6d70cf9ee17073a581a28af9e18d"
  integrity sha512-/7Y7u77rdvmGTxR83PgaSvSBJCC2L3Kb1M/+dmSIvRvQPXXCuC97QAwMugBNG0yGcbEGfFBH7ojPzAOxfGNkwQ==

"@esbuild/sunos-x64@0.19.8":
  version "0.19.8"
  resolved "https://registry.yarnpkg.com/@esbuild/sunos-x64/-/sunos-x64-0.19.8.tgz#2a697e1f77926ff09fcc457d8f29916d6cd48fb1"
  integrity sha512-9Lc4s7Oi98GqFA4HzA/W2JHIYfnXbUYgekUP/Sm4BG9sfLjyv6GKKHKKVs83SMicBF2JwAX6A1PuOLMqpD001w==

"@esbuild/win32-arm64@0.19.8":
  version "0.19.8"
  resolved "https://registry.yarnpkg.com/@esbuild/win32-arm64/-/win32-arm64-0.19.8.tgz#ec029e62a2fca8c071842ecb1bc5c2dd20b066f1"
  integrity sha512-rq6WzBGjSzihI9deW3fC2Gqiak68+b7qo5/3kmB6Gvbh/NYPA0sJhrnp7wgV4bNwjqM+R2AApXGxMO7ZoGhIJg==

"@esbuild/win32-ia32@0.19.8":
  version "0.19.8"
  resolved "https://registry.yarnpkg.com/@esbuild/win32-ia32/-/win32-ia32-0.19.8.tgz#cbb9a3146bde64dc15543e48afe418c7a3214851"
  integrity sha512-AIAbverbg5jMvJznYiGhrd3sumfwWs8572mIJL5NQjJa06P8KfCPWZQ0NwZbPQnbQi9OWSZhFVSUWjjIrn4hSw==

"@esbuild/win32-x64@0.19.8":
  version "0.19.8"
  resolved "https://registry.yarnpkg.com/@esbuild/win32-x64/-/win32-x64-0.19.8.tgz#c8285183dbdb17008578dbacb6e22748709b4822"
  integrity sha512-bfZ0cQ1uZs2PqpulNL5j/3w+GDhP36k1K5c38QdQg+Swy51jFZWWeIkteNsufkQxp986wnqRRsb/bHbY1WQ7TA==

"@fontsource-variable/jetbrains-mono@^5.0.18":
  version "5.0.18"
  resolved "https://registry.yarnpkg.com/@fontsource-variable/jetbrains-mono/-/jetbrains-mono-5.0.18.tgz#313aeb714af9a8af2550fbf3dc7ef5a77f3d9fd0"
  integrity sha512-8qyD5zmaB4X9EQsGViwHGcQPjOGsHGxyJ+DuAxkXVyP+/Mzb5B9kYuG8+8a3vX/y0mZ81CUpbUWp0ik89c3dQw==

"@fontsource-variable/public-sans@^5.0.16":
  version "5.0.16"
  resolved "https://registry.yarnpkg.com/@fontsource-variable/public-sans/-/public-sans-5.0.16.tgz#b44c2d27418a4e4cf7be58edcc375df558e1528b"
  integrity sha512-7dtF/xQsuDCX8PNC8jCzAtBpteybYIIpXUpZjUYxBjODwu6Bx0Od376/tgx9blPhd1Cy3318oZXg/pO7465+7A==

"@fortawesome/fontawesome-common-types@6.5.1":
  version "6.5.1"
  resolved "https://registry.yarnpkg.com/@fortawesome/fontawesome-common-types/-/fontawesome-common-types-6.5.1.tgz#fdb1ec4952b689f5f7aa0bffe46180bb35490032"
  integrity sha512-GkWzv+L6d2bI5f/Vk6ikJ9xtl7dfXtoRu3YGE6nq0p/FFqA1ebMOAWg3XgRyb0I6LYyYkiAo+3/KrwuBp8xG7A==

"@fortawesome/fontawesome-svg-core@^6.5.1":
  version "6.5.1"
  resolved "https://registry.yarnpkg.com/@fortawesome/fontawesome-svg-core/-/fontawesome-svg-core-6.5.1.tgz#9d56d46bddad78a7ebb2043a97957039fcebcf0a"
  integrity sha512-MfRCYlQPXoLlpem+egxjfkEuP9UQswTrlCOsknus/NcMoblTH2g0jPrapbcIb04KGA7E2GZxbAccGZfWoYgsrQ==
  dependencies:
    "@fortawesome/fontawesome-common-types" "6.5.1"

"@fortawesome/free-solid-svg-icons@^6.5.1":
  version "6.5.1"
  resolved "https://registry.yarnpkg.com/@fortawesome/free-solid-svg-icons/-/free-solid-svg-icons-6.5.1.tgz#737b8d787debe88b400ab7528f47be333031274a"
  integrity sha512-S1PPfU3mIJa59biTtXJz1oI0+KAXW6bkAb31XKhxdxtuXDiUIFsih4JR1v5BbxY7hVHsD1RKq+jRkVRaf773NQ==
  dependencies:
    "@fortawesome/fontawesome-common-types" "6.5.1"

"@fortawesome/vue-fontawesome@^3.0.5":
  version "3.0.5"
  resolved "https://registry.yarnpkg.com/@fortawesome/vue-fontawesome/-/vue-fontawesome-3.0.5.tgz#fef21fbb0277711160f9105e8e5bb9a15f5fce25"
  integrity sha512-isZZ4+utQH9qg9cWxWYHQ9GwI3r5FeO7GnmzKYV+gbjxcptQhh+F99iZXi1Y9AvFUEgy8kRpAdvDlbb3drWFrw==

"@jridgewell/sourcemap-codec@^1.4.15":
  version "1.4.15"
  resolved "https://registry.yarnpkg.com/@jridgewell/sourcemap-codec/-/sourcemap-codec-1.4.15.tgz#d7c6e6755c78567a951e04ab52ef0fd26de59f32"
  integrity sha512-eF2rxCRulEKXHTRiDrDy6erMYWqNw4LPdQ8UQA4huuxaQsVeRPFl2oM8oDGxMFhJUWZf9McpLtJasDDZb/Bpeg==

"@rensatsu/blueberry-css@^1.9.0":
  version "1.9.0"
  resolved "https://registry.npmjs.org/@rensatsu/blueberry-css/-/blueberry-css-1.9.0.tgz"
  integrity sha512-bJu+OWxb303SP9qSM2ylY+k9kmeRuup1wl8JedlA8YG4YeOrA2mBKG6Ne3hI6M9gFFJgoP0Q9AsyCpTj/enNOQ==

"@rollup/rollup-android-arm-eabi@4.6.1":
  version "4.6.1"
  resolved "https://registry.yarnpkg.com/@rollup/rollup-android-arm-eabi/-/rollup-android-arm-eabi-4.6.1.tgz#0ea289f68ff248b50fea5716ca9f65f7d4dba3ae"
  integrity sha512-0WQ0ouLejaUCRsL93GD4uft3rOmB8qoQMU05Kb8CmMtMBe7XUDLAltxVZI1q6byNqEtU7N1ZX1Vw5lIpgulLQA==

"@rollup/rollup-android-arm64@4.6.1":
  version "4.6.1"
  resolved "https://registry.yarnpkg.com/@rollup/rollup-android-arm64/-/rollup-android-arm64-4.6.1.tgz#27c8c67fc5de574874085a1b480ac65b3e18378e"
  integrity sha512-1TKm25Rn20vr5aTGGZqo6E4mzPicCUD79k17EgTLAsXc1zysyi4xXKACfUbwyANEPAEIxkzwue6JZ+stYzWUTA==

"@rollup/rollup-darwin-arm64@4.6.1":
  version "4.6.1"
  resolved "https://registry.yarnpkg.com/@rollup/rollup-darwin-arm64/-/rollup-darwin-arm64-4.6.1.tgz#c5735c042980c85495411af7183dd20294763bd8"
  integrity sha512-cEXJQY/ZqMACb+nxzDeX9IPLAg7S94xouJJCNVE5BJM8JUEP4HeTF+ti3cmxWeSJo+5D+o8Tc0UAWUkfENdeyw==

"@rollup/rollup-darwin-x64@4.6.1":
  version "4.6.1"
  resolved "https://registry.yarnpkg.com/@rollup/rollup-darwin-x64/-/rollup-darwin-x64-4.6.1.tgz#af844bd54abb73ca3c9cf89a31eec17861d1375d"
  integrity sha512-LoSU9Xu56isrkV2jLldcKspJ7sSXmZWkAxg7sW/RfF7GS4F5/v4EiqKSMCFbZtDu2Nc1gxxFdQdKwkKS4rwxNg==

"@rollup/rollup-linux-arm-gnueabihf@4.6.1":
  version "4.6.1"
  resolved "https://registry.yarnpkg.com/@rollup/rollup-linux-arm-gnueabihf/-/rollup-linux-arm-gnueabihf-4.6.1.tgz#5e972f63c441eaf859551039b3f18db9b035977d"
  integrity sha512-EfI3hzYAy5vFNDqpXsNxXcgRDcFHUWSx5nnRSCKwXuQlI5J9dD84g2Usw81n3FLBNsGCegKGwwTVsSKK9cooSQ==

"@rollup/rollup-linux-arm64-gnu@4.6.1":
  version "4.6.1"
  resolved "https://registry.yarnpkg.com/@rollup/rollup-linux-arm64-gnu/-/rollup-linux-arm64-gnu-4.6.1.tgz#f4cfbc71e3b6fdb395b28b1472414e181515c72d"
  integrity sha512-9lhc4UZstsegbNLhH0Zu6TqvDfmhGzuCWtcTFXY10VjLLUe4Mr0Ye2L3rrtHaDd/J5+tFMEuo5LTCSCMXWfUKw==

"@rollup/rollup-linux-arm64-musl@4.6.1":
  version "4.6.1"
  resolved "https://registry.yarnpkg.com/@rollup/rollup-linux-arm64-musl/-/rollup-linux-arm64-musl-4.6.1.tgz#6a94c691830dc29bf708de7c640f494996130893"
  integrity sha512-FfoOK1yP5ksX3wwZ4Zk1NgyGHZyuRhf99j64I5oEmirV8EFT7+OhUZEnP+x17lcP/QHJNWGsoJwrz4PJ9fBEXw==

"@rollup/rollup-linux-x64-gnu@4.6.1":
  version "4.6.1"
  resolved "https://registry.yarnpkg.com/@rollup/rollup-linux-x64-gnu/-/rollup-linux-x64-gnu-4.6.1.tgz#f07bae3f7dc532d9ea5ab36c9071db329f9a1efb"
  integrity sha512-DNGZvZDO5YF7jN5fX8ZqmGLjZEXIJRdJEdTFMhiyXqyXubBa0WVLDWSNlQ5JR2PNgDbEV1VQowhVRUh+74D+RA==

"@rollup/rollup-linux-x64-musl@4.6.1":
  version "4.6.1"
  resolved "https://registry.yarnpkg.com/@rollup/rollup-linux-x64-musl/-/rollup-linux-x64-musl-4.6.1.tgz#357a34fdbf410af88ce48bd802bea6462bb9a8bc"
  integrity sha512-RkJVNVRM+piYy87HrKmhbexCHg3A6Z6MU0W9GHnJwBQNBeyhCJG9KDce4SAMdicQnpURggSvtbGo9xAWOfSvIQ==

"@rollup/rollup-win32-arm64-msvc@4.6.1":
  version "4.6.1"
  resolved "https://registry.yarnpkg.com/@rollup/rollup-win32-arm64-msvc/-/rollup-win32-arm64-msvc-4.6.1.tgz#b6e97fd38281667e35297033393cd1101f4a31be"
  integrity sha512-v2FVT6xfnnmTe3W9bJXl6r5KwJglMK/iRlkKiIFfO6ysKs0rDgz7Cwwf3tjldxQUrHL9INT/1r4VA0n9L/F1vQ==

"@rollup/rollup-win32-ia32-msvc@4.6.1":
  version "4.6.1"
  resolved "https://registry.yarnpkg.com/@rollup/rollup-win32-ia32-msvc/-/rollup-win32-ia32-msvc-4.6.1.tgz#a95db026c640c8128bfd38546d85342f2329beaf"
  integrity sha512-YEeOjxRyEjqcWphH9dyLbzgkF8wZSKAKUkldRY6dgNR5oKs2LZazqGB41cWJ4Iqqcy9/zqYgmzBkRoVz3Q9MLw==

"@rollup/rollup-win32-x64-msvc@4.6.1":
  version "4.6.1"
  resolved "https://registry.yarnpkg.com/@rollup/rollup-win32-x64-msvc/-/rollup-win32-x64-msvc-4.6.1.tgz#45785b5caf83200a34a9867ba50d69560880c120"
  integrity sha512-0zfTlFAIhgz8V2G8STq8toAjsYYA6eci1hnXuyOTUFnymrtJwnS6uGKiv3v5UrPZkBlamLvrLV2iiaeqCKzb0A==

"@vitejs/plugin-vue@^4.5.1":
  version "4.5.1"
  resolved "https://registry.yarnpkg.com/@vitejs/plugin-vue/-/plugin-vue-4.5.1.tgz#84815bfeb46928c03a9ed765e4a8425c22345e15"
  integrity sha512-DaUzYFr+2UGDG7VSSdShKa9sIWYBa1LL8KC0MNOf2H5LjcTPjob0x8LbkqXWmAtbANJCkpiQTj66UVcQkN2s3g==

"@volar/language-core@1.11.1", "@volar/language-core@~1.11.1":
  version "1.11.1"
  resolved "https://registry.yarnpkg.com/@volar/language-core/-/language-core-1.11.1.tgz#ecdf12ea8dc35fb8549e517991abcbf449a5ad4f"
  integrity sha512-dOcNn3i9GgZAcJt43wuaEykSluAuOkQgzni1cuxLxTV0nJKanQztp7FxyswdRILaKH+P2XZMPRp2S4MV/pElCw==
  dependencies:
    "@volar/source-map" "1.11.1"

"@volar/source-map@1.11.1", "@volar/source-map@~1.11.1":
  version "1.11.1"
  resolved "https://registry.yarnpkg.com/@volar/source-map/-/source-map-1.11.1.tgz#535b0328d9e2b7a91dff846cab4058e191f4452f"
  integrity sha512-hJnOnwZ4+WT5iupLRnuzbULZ42L7BWWPMmruzwtLhJfpDVoZLjNBxHDi2sY2bgZXCKlpU5XcsMFoYrsQmPhfZg==
  dependencies:
    muggle-string "^0.3.1"

"@volar/typescript@~1.11.1":
  version "1.11.1"
  resolved "https://registry.yarnpkg.com/@volar/typescript/-/typescript-1.11.1.tgz#ba86c6f326d88e249c7f5cfe4b765be3946fd627"
  integrity sha512-iU+t2mas/4lYierSnoFOeRFQUhAEMgsFuQxoxvwn5EdQopw43j+J27a4lt9LMInx1gLJBC6qL14WYGlgymaSMQ==
  dependencies:
    "@volar/language-core" "1.11.1"
    path-browserify "^1.0.1"

"@vue/compiler-core@3.3.10":
  version "3.3.10"
  resolved "https://registry.yarnpkg.com/@vue/compiler-core/-/compiler-core-3.3.10.tgz#9ca4123a1458df43db641aaa8b7d1e636aa22545"
  integrity sha512-doe0hODR1+i1menPkRzJ5MNR6G+9uiZHIknK3Zn5OcIztu6GGw7u0XUzf3AgB8h/dfsZC9eouzoLo3c3+N/cVA==
  dependencies:
    "@babel/parser" "^7.23.5"
    "@vue/shared" "3.3.10"
    estree-walker "^2.0.2"
    source-map-js "^1.0.2"

"@vue/compiler-dom@3.3.10", "@vue/compiler-dom@^3.3.0":
  version "3.3.10"
  resolved "https://registry.yarnpkg.com/@vue/compiler-dom/-/compiler-dom-3.3.10.tgz#183811252be6aff4ac923f783124bb1590301907"
  integrity sha512-NCrqF5fm10GXZIK0GrEAauBqdy+F2LZRt3yNHzrYjpYBuRssQbuPLtSnSNjyR9luHKkWSH8we5LMB3g+4z2HvA==
  dependencies:
    "@vue/compiler-core" "3.3.10"
    "@vue/shared" "3.3.10"

"@vue/compiler-sfc@3.3.10", "@vue/compiler-sfc@^3.3.7":
  version "3.3.10"
  resolved "https://registry.yarnpkg.com/@vue/compiler-sfc/-/compiler-sfc-3.3.10.tgz#8eb97d42f276089ec58fd0565ef3a813bceeaa87"
  integrity sha512-xpcTe7Rw7QefOTRFFTlcfzozccvjM40dT45JtrE3onGm/jBLZ0JhpKu3jkV7rbDFLeeagR/5RlJ2Y9SvyS0lAg==
  dependencies:
    "@babel/parser" "^7.23.5"
    "@vue/compiler-core" "3.3.10"
    "@vue/compiler-dom" "3.3.10"
    "@vue/compiler-ssr" "3.3.10"
    "@vue/reactivity-transform" "3.3.10"
    "@vue/shared" "3.3.10"
    estree-walker "^2.0.2"
    magic-string "^0.30.5"
    postcss "^8.4.32"
    source-map-js "^1.0.2"

"@vue/compiler-ssr@3.3.10":
  version "3.3.10"
  resolved "https://registry.yarnpkg.com/@vue/compiler-ssr/-/compiler-ssr-3.3.10.tgz#5a1b14a358cb3960a4edbce0ade90548e452fcaa"
  integrity sha512-12iM4jA4GEbskwXMmPcskK5wImc2ohKm408+o9iox3tfN9qua8xL0THIZtoe9OJHnXP4eOWZpgCAAThEveNlqQ==
  dependencies:
    "@vue/compiler-dom" "3.3.10"
    "@vue/shared" "3.3.10"

"@vue/language-core@1.8.25":
  version "1.8.25"
  resolved "https://registry.yarnpkg.com/@vue/language-core/-/language-core-1.8.25.tgz#b44b4e3c244ba9b1b79cccf9eb7b046535a4676f"
  integrity sha512-NJk/5DnAZlpvXX8BdWmHI45bWGLViUaS3R/RMrmFSvFMSbJKuEODpM4kR0F0Ofv5SFzCWuNiMhxameWpVdQsnA==
  dependencies:
    "@volar/language-core" "~1.11.1"
    "@volar/source-map" "~1.11.1"
    "@vue/compiler-dom" "^3.3.0"
    "@vue/shared" "^3.3.0"
    computeds "^0.0.1"
    minimatch "^9.0.3"
    muggle-string "^0.3.1"
    path-browserify "^1.0.1"
    vue-template-compiler "^2.7.14"

"@vue/reactivity-transform@3.3.10":
  version "3.3.10"
  resolved "https://registry.yarnpkg.com/@vue/reactivity-transform/-/reactivity-transform-3.3.10.tgz#b045776cc954bb57883fd305db7a200d42993768"
  integrity sha512-0xBdk+CKHWT+Gev8oZ63Tc0qFfj935YZx+UAynlutnrDZ4diFCVFMWixn65HzjE3S1iJppWOo6Tt1OzASH7VEg==
  dependencies:
    "@babel/parser" "^7.23.5"
    "@vue/compiler-core" "3.3.10"
    "@vue/shared" "3.3.10"
    estree-walker "^2.0.2"
    magic-string "^0.30.5"

"@vue/reactivity@3.3.10":
  version "3.3.10"
  resolved "https://registry.yarnpkg.com/@vue/reactivity/-/reactivity-3.3.10.tgz#78fe3da319276d9e6d0f072037532928c472a287"
  integrity sha512-H5Z7rOY/JLO+e5a6/FEXaQ1TMuOvY4LDVgT+/+HKubEAgs9qeeZ+NhADSeEtrNQeiKLDuzeKc8v0CUFpB6Pqgw==
  dependencies:
    "@vue/shared" "3.3.10"

"@vue/runtime-core@3.3.10":
  version "3.3.10"
  resolved "https://registry.yarnpkg.com/@vue/runtime-core/-/runtime-core-3.3.10.tgz#d7b78c5c0500b856cf9447ef81d4a1b1438fd5bb"
  integrity sha512-DZ0v31oTN4YHX9JEU5VW1LoIVgFovWgIVb30bWn9DG9a7oA415idcwsRNNajqTx8HQJyOaWfRKoyuP2P2TYIag==
  dependencies:
    "@vue/reactivity" "3.3.10"
    "@vue/shared" "3.3.10"

"@vue/runtime-dom@3.3.10":
  version "3.3.10"
  resolved "https://registry.yarnpkg.com/@vue/runtime-dom/-/runtime-dom-3.3.10.tgz#130dfffb8fee8051671aaf80c5104d2020544950"
  integrity sha512-c/jKb3ny05KJcYk0j1m7Wbhrxq7mZYr06GhKykDMNRRR9S+/dGT8KpHuNQjv3/8U4JshfkAk6TpecPD3B21Ijw==
  dependencies:
    "@vue/runtime-core" "3.3.10"
    "@vue/shared" "3.3.10"
    csstype "^3.1.2"

"@vue/server-renderer@3.3.10":
  version "3.3.10"
  resolved "https://registry.yarnpkg.com/@vue/server-renderer/-/server-renderer-3.3.10.tgz#f23d151f0e5021ebdc730052d9934c9178486742"
  integrity sha512-0i6ww3sBV3SKlF3YTjSVqKQ74xialMbjVYGy7cOTi7Imd8ediE7t72SK3qnvhrTAhOvlQhq6Bk6nFPdXxe0sAg==
  dependencies:
    "@vue/compiler-ssr" "3.3.10"
    "@vue/shared" "3.3.10"

"@vue/shared@3.3.10", "@vue/shared@^3.3.0":
  version "3.3.10"
  resolved "https://registry.yarnpkg.com/@vue/shared/-/shared-3.3.10.tgz#1583a8d85a957d8b819078c465d2a11db7914b2f"
  integrity sha512-2y3Y2J1a3RhFa0WisHvACJR2ncvWiVHcP8t0Inxo+NKz+8RKO4ZV8eZgCxRgQoA6ITfV12L4E6POOL9HOU5nqw==

anymatch@~3.1.2:
  version "3.1.2"
  resolved "https://registry.npmjs.org/anymatch/-/anymatch-3.1.2.tgz"
  integrity sha512-P43ePfOAIupkguHUycrc4qJ9kz8ZiuOUijaETwX7THt0Y/GNK7v0aa8rY816xWjZ7rJdA5XdMcpVFTKMq+RvWg==
  dependencies:
    normalize-path "^3.0.0"
    picomatch "^2.0.4"

balanced-match@^1.0.0:
  version "1.0.2"
  resolved "https://registry.npmjs.org/balanced-match/-/balanced-match-1.0.2.tgz"
  integrity sha512-3oSeUO0TMV67hN1AmbXsK4yaqU7tjiHlbxRDZOpH0KW9+CeX4bRAaX0Anxt0tx2MrpRpWwQaPwIlISEJhYU5Pw==

binary-extensions@^2.0.0:
  version "2.2.0"
  resolved "https://registry.npmjs.org/binary-extensions/-/binary-extensions-2.2.0.tgz"
  integrity sha512-jDctJ/IVQbZoJykoeHbhXpOlNBqGNcwXJKJog42E5HDPUwQTSdjCHdihjj0DlnheQ7blbT6dHOafNAiS8ooQKA==

brace-expansion@^2.0.1:
  version "2.0.1"
  resolved "https://registry.npmjs.org/brace-expansion/-/brace-expansion-2.0.1.tgz"
  integrity sha512-XnAIvQ8eM+kC6aULx6wuQiwVsnzsi9d3WxzV3FpWTGA19F621kwdbsAcFKXgKUHZWsy+mY6iL1sHTxWEFCytDA==
  dependencies:
    balanced-match "^1.0.0"

braces@~3.0.2:
  version "3.0.2"
  resolved "https://registry.npmjs.org/braces/-/braces-3.0.2.tgz"
  integrity sha512-b8um+L1RzM3WDSzvhm6gIz1yfTbBt6YTlcEKAvsmqCZZFw46z626lVj9j1yEPW33H5H+lBQpZMP1k8l+78Ha0A==
  dependencies:
    fill-range "^7.0.1"

"chokidar@>=3.0.0 <4.0.0":
  version "3.5.3"
  resolved "https://registry.npmjs.org/chokidar/-/chokidar-3.5.3.tgz"
  integrity sha512-Dr3sfKRP6oTcjf2JmUmFJfeVMvXBdegxB0iVQ5eb2V10uFJUCAS8OByZdVAyVb8xXNz3GjjTgj9kLWsZTqE6kw==
  dependencies:
    anymatch "~3.1.2"
    braces "~3.0.2"
    glob-parent "~5.1.2"
    is-binary-path "~2.1.0"
    is-glob "~4.0.1"
    normalize-path "~3.0.0"
    readdirp "~3.6.0"
  optionalDependencies:
    fsevents "~2.3.2"

computeds@^0.0.1:
  version "0.0.1"
  resolved "https://registry.yarnpkg.com/computeds/-/computeds-0.0.1.tgz#215b08a4ba3e08a11ff6eee5d6d8d7166a97ce2e"
  integrity sha512-7CEBgcMjVmitjYo5q8JTJVra6X5mQ20uTThdK+0kR7UEaDrAWEQcRiBtWJzga4eRpP6afNwwLsX2SET2JhVB1Q==

csstype@^3.1.2:
  version "3.1.2"
  resolved "https://registry.yarnpkg.com/csstype/-/csstype-3.1.2.tgz#1d4bf9d572f11c14031f0436e1c10bc1f571f50b"
  integrity sha512-I7K1Uu0MBPzaFKg4nI5Q7Vs2t+3gWWW648spaF+Rg7pI9ds18Ugn+lvg4SHczUdKlHI5LWBXyqfS8+DufyBsgQ==

de-indent@^1.0.2:
  version "1.0.2"
  resolved "https://registry.npmjs.org/de-indent/-/de-indent-1.0.2.tgz"
  integrity sha512-e/1zu3xH5MQryN2zdVaF0OrdNLUbvWxzMbi+iNA6Bky7l1RoP8a2fIbRocyHclXt/arDrrR6lL3TqFD9pMQTsg==

delay@^6.0.0:
  version "6.0.0"
  resolved "https://registry.yarnpkg.com/delay/-/delay-6.0.0.tgz#43749aefdf6cabd9e17b0d00bd3904525137e607"
  integrity sha512-2NJozoOHQ4NuZuVIr5CWd0iiLVIRSDepakaovIN+9eIDHEhdCAEvSy2cuf1DCrPPQLvHmbqTHODlhHg8UCy4zw==

esbuild@^0.19.3:
  version "0.19.8"
  resolved "https://registry.yarnpkg.com/esbuild/-/esbuild-0.19.8.tgz#ad05b72281d84483fa6b5345bd246c27a207b8f1"
  integrity sha512-l7iffQpT2OrZfH2rXIp7/FkmaeZM0vxbxN9KfiCwGYuZqzMg/JdvX26R31Zxn/Pxvsrg3Y9N6XTcnknqDyyv4w==
  optionalDependencies:
    "@esbuild/android-arm" "0.19.8"
    "@esbuild/android-arm64" "0.19.8"
    "@esbuild/android-x64" "0.19.8"
    "@esbuild/darwin-arm64" "0.19.8"
    "@esbuild/darwin-x64" "0.19.8"
    "@esbuild/freebsd-arm64" "0.19.8"
    "@esbuild/freebsd-x64" "0.19.8"
    "@esbuild/linux-arm" "0.19.8"
    "@esbuild/linux-arm64" "0.19.8"
    "@esbuild/linux-ia32" "0.19.8"
    "@esbuild/linux-loong64" "0.19.8"
    "@esbuild/linux-mips64el" "0.19.8"
    "@esbuild/linux-ppc64" "0.19.8"
    "@esbuild/linux-riscv64" "0.19.8"
    "@esbuild/linux-s390x" "0.19.8"
    "@esbuild/linux-x64" "0.19.8"
    "@esbuild/netbsd-x64" "0.19.8"
    "@esbuild/openbsd-x64" "0.19.8"
    "@esbuild/sunos-x64" "0.19.8"
    "@esbuild/win32-arm64" "0.19.8"
    "@esbuild/win32-ia32" "0.19.8"
    "@esbuild/win32-x64" "0.19.8"

estree-walker@^2.0.2:
  version "2.0.2"
  resolved "https://registry.npmjs.org/estree-walker/-/estree-walker-2.0.2.tgz"
  integrity sha512-Rfkk/Mp/DL7JVje3u18FxFujQlTNR2q6QfMSMB7AvCBx91NGj/ba3kCfza0f6dVDbw7YlRf/nDrn7pQrCCyQ/w==

fill-range@^7.0.1:
  version "7.0.1"
  resolved "https://registry.npmjs.org/fill-range/-/fill-range-7.0.1.tgz"
  integrity sha512-qOo9F+dMUmC2Lcb4BbVvnKJxTPjCm+RRpe4gDuGrzkL7mEVl/djYSu2OdQ2Pa302N4oqkSg9ir6jaLWJ2USVpQ==
  dependencies:
    to-regex-range "^5.0.1"

fsevents@~2.3.2:
  version "2.3.2"
  resolved "https://registry.yarnpkg.com/fsevents/-/fsevents-2.3.2.tgz#8a526f78b8fdf4623b709e0b975c52c24c02fd1a"
  integrity sha512-xiqMQR4xAeHTuB9uWm+fFRcIOgKBMiOBP+eXiyT7jsgVCq1bkVygt00oASowB7EdtpOHaaPgKt812P9ab+DDKA==

fsevents@~2.3.3:
  version "2.3.3"
  resolved "https://registry.yarnpkg.com/fsevents/-/fsevents-2.3.3.tgz#cac6407785d03675a2a5e1a5305c697b347d90d6"
  integrity sha512-5xoDfX+fL7faATnagmWPpbFtwh/R77WmMMqqHGS65C3vvB0YHrgF+B1YmZ3441tMj5n63k0212XNoJwzlhffQw==

glob-parent@~5.1.2:
  version "5.1.2"
  resolved "https://registry.npmjs.org/glob-parent/-/glob-parent-5.1.2.tgz"
  integrity sha512-AOIgSQCepiJYwP3ARnGx+5VnTu2HBYdzbGP45eLw1vr3zB3vZLeyed1sC9hnbcOc9/SrMyM5RPQrkGz4aS9Zow==
  dependencies:
    is-glob "^4.0.1"

he@^1.2.0:
  version "1.2.0"
  resolved "https://registry.npmjs.org/he/-/he-1.2.0.tgz"
  integrity sha512-F/1DnUGPopORZi0ni+CvrCgHQ5FyEAHRLSApuYWMmrbSwoN2Mn/7k+Gl38gJnR7yyDZk6WLXwiGod1JOWNDKGw==

immutable@^4.0.0:
  version "4.1.0"
  resolved "https://registry.npmjs.org/immutable/-/immutable-4.1.0.tgz"
  integrity sha512-oNkuqVTA8jqG1Q6c+UglTOD1xhC1BtjKI7XkCXRkZHrN5m18/XsnUp8Q89GkQO/z+0WjonSvl0FLhDYftp46nQ==

is-binary-path@~2.1.0:
  version "2.1.0"
  resolved "https://registry.npmjs.org/is-binary-path/-/is-binary-path-2.1.0.tgz"
  integrity sha512-ZMERYes6pDydyuGidse7OsHxtbI7WVeUEozgR/g7rd0xUimYNlvZRE/K2MgZTjWy725IfelLeVcEM97mmtRGXw==
  dependencies:
    binary-extensions "^2.0.0"

is-extglob@^2.1.1:
  version "2.1.1"
  resolved "https://registry.npmjs.org/is-extglob/-/is-extglob-2.1.1.tgz"
  integrity sha512-SbKbANkN603Vi4jEZv49LeVJMn4yGwsbzZworEoyEiutsN3nJYdbO36zfhGJ6QEDpOZIFkDtnq5JRxmvl3jsoQ==

is-glob@^4.0.1, is-glob@~4.0.1:
  version "4.0.3"
  resolved "https://registry.npmjs.org/is-glob/-/is-glob-4.0.3.tgz"
  integrity sha512-xelSayHH36ZgE7ZWhli7pW34hNbNl8Ojv5KVmkJD4hBdD3th8Tfk9vYasLM+mXWOZhFkgZfxhLSnrwRr4elSSg==
  dependencies:
    is-extglob "^2.1.1"

is-number@^7.0.0:
  version "7.0.0"
  resolved "https://registry.npmjs.org/is-number/-/is-number-7.0.0.tgz"
  integrity sha512-41Cifkg6e8TylSpdtTpeLVMqvSBEVzTttHvERD741+pnZ8ANv0004MRL43QKPDlK9cGvNp6NZWZUBlbGXYxxng==

lru-cache@^6.0.0:
  version "6.0.0"
  resolved "https://registry.npmjs.org/lru-cache/-/lru-cache-6.0.0.tgz"
  integrity sha512-Jo6dJ04CmSjuznwJSS3pUeWmd/H0ffTlkXXgwZi+eq1UCmqQwCh+eLsYOYCwY991i2Fah4h1BEMCx4qThGbsiA==
  dependencies:
    yallist "^4.0.0"

magic-string@^0.30.5:
  version "0.30.5"
  resolved "https://registry.yarnpkg.com/magic-string/-/magic-string-0.30.5.tgz#1994d980bd1c8835dc6e78db7cbd4ae4f24746f9"
  integrity sha512-7xlpfBaQaP/T6Vh8MO/EqXSW5En6INHEvEXQiuff7Gku0PWjU3uf6w/j9o7O+SpB5fOAkrI5HeoNgwjEO0pFsA==
  dependencies:
    "@jridgewell/sourcemap-codec" "^1.4.15"

minimatch@^9.0.3:
  version "9.0.3"
  resolved "https://registry.yarnpkg.com/minimatch/-/minimatch-9.0.3.tgz#a6e00c3de44c3a542bfaae70abfc22420a6da825"
  integrity sha512-RHiac9mvaRw0x3AYRgDC1CxAP7HTcNrrECeA8YYJeWnpo+2Q5CegtZjaotWTWxDG3UeGA1coE05iH1mPjT/2mg==
  dependencies:
    brace-expansion "^2.0.1"

muggle-string@^0.3.1:
  version "0.3.1"
  resolved "https://registry.yarnpkg.com/muggle-string/-/muggle-string-0.3.1.tgz#e524312eb1728c63dd0b2ac49e3282e6ed85963a"
  integrity sha512-ckmWDJjphvd/FvZawgygcUeQCxzvohjFO5RxTjj4eq8kw359gFF3E1brjfI+viLMxss5JrHTDRHZvu2/tuy0Qg==

nanoid@^3.3.7:
  version "3.3.7"
  resolved "https://registry.yarnpkg.com/nanoid/-/nanoid-3.3.7.tgz#d0c301a691bc8d54efa0a2226ccf3fe2fd656bd8"
  integrity sha512-eSRppjcPIatRIMC1U6UngP8XFcz8MQWGQdt1MTBQ7NaAmvXDfvNxbvWV3x2y6CdEUciCSsDHDQZbhYaB8QEo2g==

normalize-path@^3.0.0, normalize-path@~3.0.0:
  version "3.0.0"
  resolved "https://registry.npmjs.org/normalize-path/-/normalize-path-3.0.0.tgz"
  integrity sha512-6eZs5Ls3WtCisHWp9S2GUy8dqkpGi4BVSz3GaqiE6ezub0512ESztXUwUB6C6IKbQkY2Pnb/mD4WYojCRwcwLA==

path-browserify@^1.0.1:
  version "1.0.1"
  resolved "https://registry.yarnpkg.com/path-browserify/-/path-browserify-1.0.1.tgz#d98454a9c3753d5790860f16f68867b9e46be1fd"
  integrity sha512-b7uo2UCUOYZcnF/3ID0lulOJi/bafxa1xPe7ZPsammBSpjSWQkjNxlt635YGS2MiR9GjvuXCtz2emr3jbsz98g==

picocolors@^1.0.0:
  version "1.0.0"
  resolved "https://registry.npmjs.org/picocolors/-/picocolors-1.0.0.tgz"
  integrity sha512-1fygroTLlHu66zi26VoTDv8yRgm0Fccecssto+MhsZ0D/DGW2sm8E8AjW7NU5VVTRt5GxbeZ5qBuJr+HyLYkjQ==

picomatch@^2.0.4, picomatch@^2.2.1:
  version "2.3.1"
  resolved "https://registry.npmjs.org/picomatch/-/picomatch-2.3.1.tgz"
  integrity sha512-JU3teHTNjmE2VCGFzuY8EXzCDVwEqB2a8fsIvwaStHhAWJEeVd1o1QD80CU6+ZdEXXSLbSsuLwJjkCBWqRQUVA==

postcss@^8.4.32:
  version "8.4.32"
  resolved "https://registry.yarnpkg.com/postcss/-/postcss-8.4.32.tgz#1dac6ac51ab19adb21b8b34fd2d93a86440ef6c9"
  integrity sha512-D/kj5JNu6oo2EIy+XL/26JEDTlIbB8hw85G8StOE6L74RQAVVP5rej6wxCNqyMbR4RkPfqvezVbPw81Ngd6Kcw==
  dependencies:
    nanoid "^3.3.7"
    picocolors "^1.0.0"
    source-map-js "^1.0.2"

prettier@^3.1.0:
  version "3.1.0"
  resolved "https://registry.yarnpkg.com/prettier/-/prettier-3.1.0.tgz#c6d16474a5f764ea1a4a373c593b779697744d5e"
  integrity sha512-TQLvXjq5IAibjh8EpBIkNKxO749UEWABoiIZehEPiY4GNpVdhaFKqSTu+QrlU6D2dPAfubRmtJTi4K4YkQ5eXw==

readdirp@~3.6.0:
  version "3.6.0"
  resolved "https://registry.npmjs.org/readdirp/-/readdirp-3.6.0.tgz"
  integrity sha512-hOS089on8RduqdbhvQ5Z37A0ESjsqz6qnRcffsMU3495FuTdqSm+7bhJ29JvIOsBDEEnan5DPu9t3To9VRlMzA==
  dependencies:
    picomatch "^2.2.1"

rollup@^4.2.0:
  version "4.6.1"
  resolved "https://registry.yarnpkg.com/rollup/-/rollup-4.6.1.tgz#351501c86b5b4f976dde8c5837516452b59921f8"
  integrity sha512-jZHaZotEHQaHLgKr8JnQiDT1rmatjgKlMekyksz+yk9jt/8z9quNjnKNRoaM0wd9DC2QKXjmWWuDYtM3jfF8pQ==
  optionalDependencies:
    "@rollup/rollup-android-arm-eabi" "4.6.1"
    "@rollup/rollup-android-arm64" "4.6.1"
    "@rollup/rollup-darwin-arm64" "4.6.1"
    "@rollup/rollup-darwin-x64" "4.6.1"
    "@rollup/rollup-linux-arm-gnueabihf" "4.6.1"
    "@rollup/rollup-linux-arm64-gnu" "4.6.1"
    "@rollup/rollup-linux-arm64-musl" "4.6.1"
    "@rollup/rollup-linux-x64-gnu" "4.6.1"
    "@rollup/rollup-linux-x64-musl" "4.6.1"
    "@rollup/rollup-win32-arm64-msvc" "4.6.1"
    "@rollup/rollup-win32-ia32-msvc" "4.6.1"
    "@rollup/rollup-win32-x64-msvc" "4.6.1"
    fsevents "~2.3.2"

sass@^1.69.5:
  version "1.69.5"
  resolved "https://registry.yarnpkg.com/sass/-/sass-1.69.5.tgz#23e18d1c757a35f2e52cc81871060b9ad653dfde"
  integrity sha512-qg2+UCJibLr2LCVOt3OlPhr/dqVHWOa9XtZf2OjbLs/T4VPSJ00udtgJxH3neXZm+QqX8B+3cU7RaLqp1iVfcQ==
  dependencies:
    chokidar ">=3.0.0 <4.0.0"
    immutable "^4.0.0"
    source-map-js ">=0.6.2 <2.0.0"

semver@^7.5.4:
  version "7.5.4"
  resolved "https://registry.yarnpkg.com/semver/-/semver-7.5.4.tgz#483986ec4ed38e1c6c48c34894a9182dbff68a6e"
  integrity sha512-1bCSESV6Pv+i21Hvpxp3Dx+pSD8lIPt8uVjRrxAUt/nbswYc+tK6Y2btiULjd4+fnq15PX+nqQDC7Oft7WkwcA==
  dependencies:
    lru-cache "^6.0.0"

"source-map-js@>=0.6.2 <2.0.0", source-map-js@^1.0.2:
  version "1.0.2"
  resolved "https://registry.npmjs.org/source-map-js/-/source-map-js-1.0.2.tgz"
  integrity sha512-R0XvVJ9WusLiqTCEiGCmICCMplcCkIwwR11mOSD9CR5u+IXYdiseeEuXCVAjS54zqwkLcPNnmU4OeJ6tUrWhDw==

to-fast-properties@^2.0.0:
  version "2.0.0"
  resolved "https://registry.npmjs.org/to-fast-properties/-/to-fast-properties-2.0.0.tgz"
  integrity sha512-/OaKK0xYrs3DmxRYqL/yDc+FxFUVYhDlXMhRmv3z915w2HF1tnN1omB354j8VUGO/hbRzyD6Y3sA7v7GS/ceog==

to-regex-range@^5.0.1:
  version "5.0.1"
  resolved "https://registry.npmjs.org/to-regex-range/-/to-regex-range-5.0.1.tgz"
  integrity sha512-65P7iz6X5yEr1cwcgvQxbbIw7Uk3gOy5dIdtZ4rDveLqhrdJP+Li/Hx6tyK0NEb+2GCyneCMJiGqrADCSNk8sQ==
  dependencies:
    is-number "^7.0.0"

tslib@^2.0.3:
  version "2.4.0"
  resolved "https://registry.npmjs.org/tslib/-/tslib-2.4.0.tgz"
  integrity sha512-d6xOpEDfsi2CZVlPQzGeux8XMwLT9hssAsaPYExaQMuYskwb+x1x7J371tWlbBdWHroy99KnVB6qIkUbs5X3UQ==

typescript@^5.3.2:
  version "5.3.2"
  resolved "https://registry.yarnpkg.com/typescript/-/typescript-5.3.2.tgz#00d1c7c1c46928c5845c1ee8d0cc2791031d4c43"
  integrity sha512-6l+RyNy7oAHDfxC4FzSJcz9vnjTKxrLpDG5M2Vu4SHRVNg6xzqZp6LYSR9zjqQTu8DU/f5xwxUdADOkbrIX2gQ==

upper-case-first@^2.0.2:
  version "2.0.2"
  resolved "https://registry.npmjs.org/upper-case-first/-/upper-case-first-2.0.2.tgz"
  integrity sha512-514ppYHBaKwfJRK/pNC6c/OxfGa0obSnAl106u97Ed0I625Nin96KAjttZF6ZL3e1XLtphxnqrOi9iWgm+u+bg==
  dependencies:
    tslib "^2.0.3"

vite@^5.0.12:
  version "5.0.12"
  resolved "https://registry.yarnpkg.com/vite/-/vite-5.0.12.tgz#8a2ffd4da36c132aec4adafe05d7adde38333c47"
  integrity sha512-4hsnEkG3q0N4Tzf1+t6NdN9dg/L3BM+q8SWgbSPnJvrgH2kgdyzfVJwbR1ic69/4uMJJ/3dqDZZE5/WwqW8U1w==
  dependencies:
    esbuild "^0.19.3"
    postcss "^8.4.32"
    rollup "^4.2.0"
  optionalDependencies:
    fsevents "~2.3.3"

vue-template-compiler@^2.7.14:
  version "2.7.14"
  resolved "https://registry.npmjs.org/vue-template-compiler/-/vue-template-compiler-2.7.14.tgz"
  integrity sha512-zyA5Y3ArvVG0NacJDkkzJuPQDF8RFeRlzV2vLeSnhSpieO6LK2OVbdLPi5MPPs09Ii+gMO8nY4S3iKQxBxDmWQ==
  dependencies:
    de-indent "^1.0.2"
    he "^1.2.0"

vue-tsc@^1.8.25:
  version "1.8.25"
  resolved "https://registry.yarnpkg.com/vue-tsc/-/vue-tsc-1.8.25.tgz#90cd03e71d28c5c4a8068167b232eb97cc96b77f"
  integrity sha512-lHsRhDc/Y7LINvYhZ3pv4elflFADoEOo67vfClAfF2heVHpHmVquLSjojgCSIwzA4F0Pc4vowT/psXCYcfk+iQ==
  dependencies:
    "@volar/typescript" "~1.11.1"
    "@vue/language-core" "1.8.25"
    semver "^7.5.4"

vue@^3.3.10:
  version "3.3.10"
  resolved "https://registry.yarnpkg.com/vue/-/vue-3.3.10.tgz#6e19c1982ee655a14babe1610288b90005f02ab1"
  integrity sha512-zg6SIXZdTBwiqCw/1p+m04VyHjLfwtjwz8N57sPaBhEex31ND0RYECVOC1YrRwMRmxFf5T1dabl6SGUbMKKuVw==
  dependencies:
    "@vue/compiler-dom" "3.3.10"
    "@vue/compiler-sfc" "3.3.10"
    "@vue/runtime-dom" "3.3.10"
    "@vue/server-renderer" "3.3.10"
    "@vue/shared" "3.3.10"

yallist@^4.0.0:
  version "4.0.0"
  resolved "https://registry.npmjs.org/yallist/-/yallist-4.0.0.tgz"
  integrity sha512-3wdGidZyq5PB084XLES5TpOSRA3wjXAlIWMhum2kRcv/41Sn2emQ0dycQW4uZXLejwKvg6EsvbdlVL+FYEct7A==
